<?xml version="1.0" encoding="UTF-8" standalone="yes" ?>
<CodeBlocks_project_file>
	<FileVersion major="1" minor="6" />
	<Project>
		<Option title="libcloudthreads" />
		<Option pch_mode="2" />
		<Option default_target="helloworld" />
		<Option compiler="gcc" />
		<Build>
			<Target title="libCloudThreads">
				<Option output="libcloudthreads" prefix_auto="1" extension_auto="1" />
				<Option working_dir="" />
				<Option object_output="obj/lib/" />
				<Option type="2" />
				<Option compiler="gcc" />
				<Option createDefFile="1" />
				<Compiler>
					<Add option="-g" />
				</Compiler>
			</Target>
			<Target title="helloworld">
				<Option output="bin/helloworld/helloworld" prefix_auto="1" extension_auto="1" />
				<Option working_dir="../../../../" />
				<Option object_output="obj/helloworld/" />
				<Option type="1" />
				<Option compiler="gcc" />
				<Compiler>
					<Add option="-g" />
				</Compiler>
			</Target>
			<Target title="pi">
				<Option output="bin/pi/pi" prefix_auto="1" extension_auto="1" />
				<Option working_dir="../../../../" />
				<Option object_output="obj/pi/" />
				<Option type="1" />
				<Option compiler="gcc" />
				<Compiler>
					<Add option="-g" />
				</Compiler>
			</Target>
			<Target title="fib">
				<Option output="bin/fib/fib" prefix_auto="1" extension_auto="1" />
				<Option working_dir="../../../../" />
				<Option object_output="obj/fib/" />
				<Option type="1" />
				<Option compiler="gcc" />
				<Compiler>
					<Add option="-g" />
				</Compiler>
			</Target>
			<Target title="prodcons">
				<Option output="bin/prodcons/prodcons" prefix_auto="1" extension_auto="1" />
				<Option working_dir="../../../../" />
				<Option object_output="obj/prodcons/" />
				<Option type="1" />
				<Option compiler="gcc" />
				<Compiler>
					<Add option="-g" />
				</Compiler>
			</Target>
			<Target title="linkedlist">
				<Option output="bin/linkedlist/linkedlist" prefix_auto="1" extension_auto="1" />
				<Option working_dir="../../../../" />
				<Option object_output="obj/linkedlist/" />
				<Option type="1" />
				<Option compiler="gcc" />
				<Compiler>
					<Add option="-g" />
				</Compiler>
			</Target>
		</Build>
		<VirtualTargets>
			<Add alias="All" targets="libCloudThreads;helloworld;pi;fib;prodcons;linkedlist;" />
		</VirtualTargets>
		<Compiler>
			<Add option="-Wall" />
			<Add option="-g" />
			<Add directory="lib" />
		</Compiler>
		<Linker>
			<Add library="libcr" />
			<Add library="libssl" />
			<Add library="libcurl" />
		</Linker>
		<Unit filename="_cldptr_table.c">
			<Option compilerVar="CC" />
			<Option compile="0" />
			<Option link="0" />
		</Unit>
		<Unit filename="_cldthread.c">
			<Option compilerVar="CC" />
			<Option compile="0" />
			<Option link="0" />
		</Unit>
		<Unit filename="_sw_interface.c">
			<Option compilerVar="CC" />
			<Option compile="0" />
			<Option link="0" />
		</Unit>
		<Unit filename="blcr_interface.c">
			<Option compilerVar="CC" />
		</Unit>
		<Unit filename="blcr_interface.h" />
		<Unit filename="cielID.c">
			<Option compilerVar="CC" />
		</Unit>
		<Unit filename="cielID.h" />
		<Unit filename="ciel_checkpoint.c">
			<Option compilerVar="CC" />
		</Unit>
		<Unit filename="ciel_checkpoint.h" />
		<Unit filename="cldptr.c">
			<Option compilerVar="CC" />
		</Unit>
		<Unit filename="cldptr.h" />
		<Unit filename="cldthread.c">
			<Option compilerVar="CC" />
		</Unit>
		<Unit filename="cldthread.h" />
		<Unit filename="cldvalue.c">
			<Option compilerVar="CC" />
		</Unit>
		<Unit filename="cldvalue.h" />
		<Unit filename="common/curl_helper_functions.c">
			<Option compilerVar="CC" />
		</Unit>
		<Unit filename="common/curl_helper_functions.h" />
		<Unit filename="common/sha_helper_functions.c">
			<Option compilerVar="CC" />
		</Unit>
		<Unit filename="common/sha_helper_functions.h" />
		<Unit filename="lib/cJSON/cJSON.c">
			<Option compilerVar="CC" />
		</Unit>
		<Unit filename="lib/cJSON/cJSON.h" />
		<Unit filename="lib/klib/khash.h" />
		<Unit filename="sw_interface.c">
			<Option compilerVar="CC" />
		</Unit>
		<Unit filename="sw_interface.h" />
		<Unit filename="swref.c">
			<Option compilerVar="CC" />
		</Unit>
		<Unit filename="swref.h" />
		<Unit filename="tests/fib.c">
			<Option compilerVar="CC" />
			<Option target="fib" />
		</Unit>
		<Unit filename="tests/helloworld.c">
			<Option compilerVar="CC" />
			<Option target="helloworld" />
		</Unit>
		<Unit filename="tests/linkedlist.c">
			<Option compilerVar="CC" />
			<Option target="linkedlist" />
		</Unit>
		<Unit filename="tests/pi.c">
			<Option compilerVar="CC" />
			<Option target="pi" />
		</Unit>
		<Unit filename="tests/pi_halton.c">
			<Option compilerVar="CC" />
			<Option compile="0" />
			<Option link="0" />
			<Option target="pi" />
		</Unit>
		<Unit filename="tests/prodcons.c">
			<Option compilerVar="CC" />
			<Option target="prodcons" />
		</Unit>
		<Extensions>
			<code_completion />
			<debugger />
			<envvars />
		</Extensions>
	</Project>
</CodeBlocks_project_file>
